
Microsoft Visual Studio Solution File, Format Version 10.00
# Visual Studio 2008
Project("{8BC9CEB8-8B4A-11D0-8D11-00A0C91BC942}") = "holyshit", "holyshit\holyshit.vcproj", "{60A859DD-2755-4959-95B5-AC378B76FD78}"
EndProject
Project("{8BC9CEB8-8B4A-11D0-8D11-00A0C91BC942}") = "Plugin201", "od2\od2.vcproj", "{40D3AA0B-94BD-4DA8-BBD8-286C6F678D7C}"
EndProject
Project("{8BC9CEB8-8B4A-11D0-8D11-00A0C91BC942}") = "loadsys", "loadsys\loadsys.vcproj", "{B6B0BD04-7FC1-4F45-A705-6CA922F98504}"
EndProject
Project("{8BC9CEB8-8B4A-11D0-8D11-00A0C91BC942}") = "Plugin110", "od1\od1.vcproj", "{91522A31-436D-4A45-9981-A9508D52B3E6}"
EndProject
Project("{8BC9CEB8-8B4A-11D0-8D11-00A0C91BC942}") = "testing", "testing\testing.vcproj", "{69BD7524-B9CA-4CED-9ED7-995DC9887FAA}"
EndProject
Global
	GlobalSection(SolutionConfigurationPlatforms) = preSolution
		Debug|Win32 = Debug|Win32
		Release|Win32 = Release|Win32
	EndGlobalSection
	GlobalSection(ProjectConfigurationPlatforms) = postSolution
		{60A859DD-2755-4959-95B5-AC378B76FD78}.Debug|Win32.ActiveCfg = Debug|Win32
		{60A859DD-2755-4959-95B5-AC378B76FD78}.Debug|Win32.Build.0 = Debug|Win32
		{60A859DD-2755-4959-95B5-AC378B76FD78}.Release|Win32.ActiveCfg = Release|Win32
		{60A859DD-2755-4959-95B5-AC378B76FD78}.Release|Win32.Build.0 = Release|Win32
		{40D3AA0B-94BD-4DA8-BBD8-286C6F678D7C}.Debug|Win32.ActiveCfg = Debug|Win32
		{40D3AA0B-94BD-4DA8-BBD8-286C6F678D7C}.Debug|Win32.Build.0 = Debug|Win32
		{40D3AA0B-94BD-4DA8-BBD8-286C6F678D7C}.Release|Win32.ActiveCfg = Release|Win32
		{40D3AA0B-94BD-4DA8-BBD8-286C6F678D7C}.Release|Win32.Build.0 = Release|Win32
		{B6B0BD04-7FC1-4F45-A705-6CA922F98504}.Debug|Win32.ActiveCfg = Debug|Win32
		{B6B0BD04-7FC1-4F45-A705-6CA922F98504}.Debug|Win32.Build.0 = Debug|Win32
		{B6B0BD04-7FC1-4F45-A705-6CA922F98504}.Release|Win32.ActiveCfg = Release|Win32
		{B6B0BD04-7FC1-4F45-A705-6CA922F98504}.Release|Win32.Build.0 = Release|Win32
		{91522A31-436D-4A45-9981-A9508D52B3E6}.Debug|Win32.ActiveCfg = Debug|Win32
		{91522A31-436D-4A45-9981-A9508D52B3E6}.Debug|Win32.Build.0 = Debug|Win32
		{91522A31-436D-4A45-9981-A9508D52B3E6}.Release|Win32.ActiveCfg = Release|Win32
		{91522A31-436D-4A45-9981-A9508D52B3E6}.Release|Win32.Build.0 = Release|Win32
		{69BD7524-B9CA-4CED-9ED7-995DC9887FAA}.Debug|Win32.ActiveCfg = Debug|Win32
		{69BD7524-B9CA-4CED-9ED7-995DC9887FAA}.Debug|Win32.Build.0 = Debug|Win32
		{69BD7524-B9CA-4CED-9ED7-995DC9887FAA}.Release|Win32.ActiveCfg = Release|Win32
		{69BD7524-B9CA-4CED-9ED7-995DC9887FAA}.Release|Win32.Build.0 = Release|Win32
	EndGlobalSection
	GlobalSection(SolutionProperties) = preSolution
		HideSolutionNode = FALSE
	EndGlobalSection
EndGlobal
